
Microsoft Visual Studio Solution File, Format Version 12.00
# Visual Studio Version 17
VisualStudioVersion = 17.14.36301.6 d17.14
MinimumVisualStudioVersion = 10.0.40219.1
Project("{F184B08F-C81C-45F6-A57F-5ABD9991F28F}") = "BarangaySystem", "BarangaySystem.vbproj", "{FB3166F0-8E78-1DC6-94C1-6E1BCF24BFF2}"
EndProject
Global
	GlobalSection(SolutionConfigurationPlatforms) = preSolution
		Debug|Any CPU = Debug|Any CPU
		Release|Any CPU = Release|Any CPU
	EndGlobalSection
	GlobalSection(ProjectConfigurationPlatforms) = postSolution
		{FB3166F0-8E78-1DC6-94C1-6E1BCF24BFF2}.Debug|Any CPU.ActiveCfg = Debug|Any CPU
		{FB3166F0-8E78-1DC6-94C1-6E1BCF24BFF2}.Debug|Any CPU.Build.0 = Debug|Any CPU
		{FB3166F0-8E78-1DC6-94C1-6E1BCF24BFF2}.Release|Any CPU.ActiveCfg = Release|Any CPU
		{FB3166F0-8E78-1DC6-94C1-6E1BCF24BFF2}.Release|Any CPU.Build.0 = Release|Any CPU
	EndGlobalSection
	GlobalSection(SolutionProperties) = preSolution
		HideSolutionNode = FALSE
	EndGlobalSection
	GlobalSection(ExtensibilityGlobals) = postSolution
		SolutionGuid = {C29C84ED-06DF-4851-AE4E-2C503AE8FA44}
	EndGlobalSection
EndGlobal
